// !$*UTF8*$!
{
	archiveVersion = 1;
	classes = {
	};
	objectVersion = 56;
	objects = {

/* Begin PBXBuildFile section */
		D260637E29A118C400E6743B /* AppDelegate.swift in Sources */ = {isa = PBXBuildFile; fileRef = D260637D29A118C400E6743B /* AppDelegate.swift */; };
		D260638029A118C400E6743B /* SceneDelegate.swift in Sources */ = {isa = PBXBuildFile; fileRef = D260637F29A118C400E6743B /* SceneDelegate.swift */; };
		D260638529A118C400E6743B /* Main.storyboard in Resources */ = {isa = PBXBuildFile; fileRef = D260638329A118C400E6743B /* Main.storyboard */; };
		D260638729A118C500E6743B /* Assets.xcassets in Resources */ = {isa = PBXBuildFile; fileRef = D260638629A118C500E6743B /* Assets.xcassets */; };
		D260638A29A118C500E6743B /* LaunchScreen.storyboard in Resources */ = {isa = PBXBuildFile; fileRef = D260638829A118C500E6743B /* LaunchScreen.storyboard */; };
		D260639229A138FD00E6743B /* CollectionViewCell.swift in Sources */ = {isa = PBXBuildFile; fileRef = D260639129A138FD00E6743B /* CollectionViewCell.swift */; };
		D260639429A1391B00E6743B /* MainCollectionViewController.swift in Sources */ = {isa = PBXBuildFile; fileRef = D260639329A1391B00E6743B /* MainCollectionViewController.swift */; };
		D260639829A147DA00E6743B /* Model.swift in Sources */ = {isa = PBXBuildFile; fileRef = D260639729A147DA00E6743B /* Model.swift */; };
/* End PBXBuildFile section */

/* Begin PBXFileReference section */
		D260637A29A118C400E6743B /* NetworkAppGetPost.app */ = {isa = PBXFileReference; explicitFileType = wrapper.application; includeInIndex = 0; path = NetworkAppGetPost.app; sourceTree = BUILT_PRODUCTS_DIR; };
		D260637D29A118C400E6743B /* AppDelegate.swift */ = {isa = PBXFileReference; lastKnownFileType = sourcecode.swift; path = AppDelegate.swift; sourceTree = "<group>"; };
		D260637F29A118C400E6743B /* SceneDelegate.swift */ = {isa = PBXFileReference; lastKnownFileType = sourcecode.swift; path = SceneDelegate.swift; sourceTree = "<group>"; };
		D260638429A118C400E6743B /* Base */ = {isa = PBXFileReference; lastKnownFileType = file.storyboard; name = Base; path = Base.lproj/Main.storyboard; sourceTree = "<group>"; };
		D260638629A118C500E6743B /* Assets.xcassets */ = {isa = PBXFileReference; lastKnownFileType = folder.assetcatalog; path = Assets.xcassets; sourceTree = "<group>"; };
		D260638929A118C500E6743B /* Base */ = {isa = PBXFileReference; lastKnownFileType = file.storyboard; name = Base; path = Base.lproj/LaunchScreen.storyboard; sourceTree = "<group>"; };
		D260638B29A118C500E6743B /* Info.plist */ = {isa = PBXFileReference; lastKnownFileType = text.plist.xml; path = Info.plist; sourceTree = "<group>"; };
		D260639129A138FD00E6743B /* CollectionViewCell.swift */ = {isa = PBXFileReference; lastKnownFileType = sourcecode.swift; path = CollectionViewCell.swift; sourceTree = "<group>"; };
		D260639329A1391B00E6743B /* MainCollectionViewController.swift */ = {isa = PBXFileReference; lastKnownFileType = sourcecode.swift; path = MainCollectionViewController.swift; sourceTree = "<group>"; };
		D260639729A147DA00E6743B /* Model.swift */ = {isa = PBXFileReference; lastKnownFileType = sourcecode.swift; path = Model.swift; sourceTree = "<group>"; };
/* End PBXFileReference section */

/* Begin PBXFrameworksBuildPhase section */
		D260637729A118C400E6743B /* Frameworks */ = {
			isa = PBXFrameworksBuildPhase;
			buildActionMask = 2147483647;
			files = (
			);
			runOnlyForDeploymentPostprocessing = 0;
		};
/* End PBXFrameworksBuildPhase section */

/* Begin PBXGroup section */
		D260637129A118C400E6743B = {
			isa = PBXGroup;
			children = (
				D260637C29A118C400E6743B /* NetworkAppGetPost */,
				D260637B29A118C400E6743B /* Products */,
			);
			sourceTree = "<group>";
		};
		D260637B29A118C400E6743B /* Products */ = {
			isa = PBXGroup;
			children = (
				D260637A29A118C400E6743B /* NetworkAppGetPost.app */,
			);
			name = Products;
			sourceTree = "<group>";
		};
		D260637C29A118C400E6743B /* NetworkAppGetPost */ = {
			isa = PBXGroup;
			children = (
				D260637D29A118C400E6743B /* AppDelegate.swift */,
				D260637F29A118C400E6743B /* SceneDelegate.swift */,
				D260639729A147DA00E6743B /* Model.swift */,
				D260639529A1428200E6743B /* ViewControllers */,
				D260639629A1429000E6743B /* StoryBoards */,
				D260638629A118C500E6743B /* Assets.xcassets */,
				D260638B29A118C500E6743B /* Info.plist */,
			);
			path = NetworkAppGetPost;
			sourceTree = "<group>";
		};
		D260639529A1428200E6743B /* ViewControllers */ = {
			isa = PBXGroup;
			children = (
				D260639129A138FD00E6743B /* CollectionViewCell.swift */,
				D260639329A1391B00E6743B /* MainCollectionViewController.swift */,
			);
			path = ViewControllers;
			sourceTree = "<group>";
		};
		D260639629A1429000E6743B /* StoryBoards */ = {
			isa = PBXGroup;
			children = (
				D260638329A118C400E6743B /* Main.storyboard */,
				D260638829A118C500E6743B /* LaunchScreen.storyboard */,
			);
			path = StoryBoards;
			sourceTree = "<group>";
		};
/* End PBXGroup section */

/* Begin PBXNativeTarget section */
		D260637929A118C400E6743B /* NetworkAppGetPost */ = {
			isa = PBXNativeTarget;
			buildConfigurationList = D260638E29A118C500E6743B /* Build configuration list for PBXNativeTarget "NetworkAppGetPost" */;
			buildPhases = (
				D260637629A118C400E6743B /* Sources */,
				D260637729A118C400E6743B /* Frameworks */,
				D260637829A118C400E6743B /* Resources */,
			);
			buildRules = (
			);
			dependencies = (
			);
			name = NetworkAppGetPost;
			productName = NetworkAppGetPost;
			productReference = D260637A29A118C400E6743B /* NetworkAppGetPost.app */;
			productType = "com.apple.product-type.application";
		};
/* End PBXNativeTarget section */

/* Begin PBXProject section */
		D260637229A118C400E6743B /* Project object */ = {
			isa = PBXProject;
			attributes = {
				BuildIndependentTargetsInParallel = 1;
				LastSwiftUpdateCheck = 1420;
				LastUpgradeCheck = 1420;
				TargetAttributes = {
					D260637929A118C400E6743B = {
						CreatedOnToolsVersion = 14.2;
					};
				};
			};
			buildConfigurationList = D260637529A118C400E6743B /* Build configuration list for PBXProject "NetworkAppGetPost" */;
			compatibilityVersion = "Xcode 14.0";
			developmentRegion = en;
			hasScannedForEncodings = 0;
			knownRegions = (
				en,
				Base,
			);
			mainGroup = D260637129A118C400E6743B;
			productRefGroup = D260637B29A118C400E6743B /* Products */;
			projectDirPath = "";
			projectRoot = "";
			targets = (
				D260637929A118C400E6743B /* NetworkAppGetPost */,
			);
		};
/* End PBXProject section */

/* Begin PBXResourcesBuildPhase section */
		D260637829A118C400E6743B /* Resources */ = {
			isa = PBXResourcesBuildPhase;
			buildActionMask = 2147483647;
			files = (
				D260638A29A118C500E6743B /* LaunchScreen.storyboard in Resources */,
				D260638729A118C500E6743B /* Assets.xcassets in Resources */,
				D260638529A118C400E6743B /* Main.storyboard in Resources */,
			);
			runOnlyForDeploymentPostprocessing = 0;
		};
/* End PBXResourcesBuildPhase section */

/* Begin PBXSourcesBuildPhase section */
		D260637629A118C400E6743B /* Sources */ = {
			isa = PBXSourcesBuildPhase;
			buildActionMask = 2147483647;
			files = (
				D260639829A147DA00E6743B /* Model.swift in Sources */,
				D260639429A1391B00E6743B /* MainCollectionViewController.swift in Sources */,
				D260637E29A118C400E6743B /* AppDelegate.swift in Sources */,
				D260638029A118C400E6743B /* SceneDelegate.swift in Sources */,
				D260639229A138FD00E6743B /* CollectionViewCell.swift in Sources */,
			);
			runOnlyForDeploymentPostprocessing = 0;
		};
/* End PBXSourcesBuildPhase section */

/* Begin PBXVariantGroup section */
		D260638329A118C400E6743B /* Main.storyboard */ = {
			isa = PBXVariantGroup;
			children = (
				D260638429A118C400E6743B /* Base */,
			);
			name = Main.storyboard;
			sourceTree = "<group>";
		};
		D260638829A118C500E6743B /* LaunchScreen.storyboard */ = {
			isa = PBXVariantGroup;
			children = (
				D260638929A118C500E6743B /* Base */,
			);
			name = LaunchScreen.storyboard;
			sourceTree = "<group>";
		};
/* End PBXVariantGroup section */

/* Begin XCBuildConfiguration section */
		D260638C29A118C500E6743B /* Debug */ = {
			isa = XCBuildConfiguration;
			buildSettings = {
				ALWAYS_SEARCH_USER_PATHS = NO;
				CLANG_ANALYZER_NONNULL = YES;
				CLANG_ANALYZER_NUMBER_OBJECT_CONVERSION = YES_AGGRESSIVE;
				CLANG_CXX_LANGUAGE_STANDARD = "gnu++20";
				CLANG_ENABLE_MODULES = YES;
				CLANG_ENABLE_OBJC_ARC = YES;
				CLANG_ENABLE_OBJC_WEAK = YES;
				CLANG_WARN_BLOCK_CAPTURE_AUTORELEASING = YES;
				CLANG_WARN_BOOL_CONVERSION = YES;
				CLANG_WARN_COMMA = YES;
				CLANG_WARN_CONSTANT_CONVERSION = YES;
				CLANG_WARN_DEPRECATED_OBJC_IMPLEMENTATIONS = YES;
				CLANG_WARN_DIRECT_OBJC_ISA_USAGE = YES_ERROR;
				CLANG_WARN_DOCUMENTATION_COMMENTS = YES;
				CLANG_WARN_EMPTY_BODY = YES;
				CLANG_WARN_ENUM_CONVERSION = YES;
				CLANG_WARN_INFINITE_RECURSION = YES;
				CLANG_WARN_INT_CONVERSION = YES;
				CLANG_WARN_NON_LITERAL_NULL_CONVERSION = YES;
				CLANG_WARN_OBJC_IMPLICIT_RETAIN_SELF = YES;
				CLANG_WARN_OBJC_LITERAL_CONVERSION = YES;
				CLANG_WARN_OBJC_ROOT_CLASS = YES_ERROR;
				CLANG_WARN_QUOTED_INCLUDE_IN_FRAMEWORK_HEADER = YES;
				CLANG_WARN_RANGE_LOOP_ANALYSIS = YES;
				CLANG_WARN_STRICT_PROTOTYPES = YES;
				CLANG_WARN_SUSPICIOUS_MOVE = YES;
				CLANG_WARN_UNGUARDED_AVAILABILITY = YES_AGGRESSIVE;
				CLANG_WARN_UNREACHABLE_CODE = YES;
				CLANG_WARN__DUPLICATE_METHOD_MATCH = YES;
				COPY_PHASE_STRIP = NO;
				DEBUG_INFORMATION_FORMAT = dwarf;
				ENABLE_STRICT_OBJC_MSGSEND = YES;
				ENABLE_TESTABILITY = YES;
				GCC_C_LANGUAGE_STANDARD = gnu11;
				GCC_DYNAMIC_NO_PIC = NO;
				GCC_NO_COMMON_BLOCKS = YES;
				GCC_OPTIMIZATION_LEVEL = 0;
				GCC_PREPROCESSOR_DEFINITIONS = (
					"DEBUG=1",
					"$(inherited)",
				);
				GCC_WARN_64_TO_32_BIT_CONVERSION = YES;
				GCC_WARN_ABOUT_RETURN_TYPE = YES_ERROR;
				GCC_WARN_UNDECLARED_SELECTOR = YES;
				GCC_WARN_UNINITIALIZED_AUTOS = YES_AGGRESSIVE;
				GCC_WARN_UNUSED_FUNCTION = YES;
				GCC_WARN_UNUSED_VARIABLE = YES;
				IPHONEOS_DEPLOYMENT_TARGET = 16.2;
				MTL_ENABLE_DEBUG_INFO = INCLUDE_SOURCE;
				MTL_FAST_MATH = YES;
				ONLY_ACTIVE_ARCH = YES;
				SDKROOT = iphoneos;
				SWIFT_ACTIVE_COMPILATION_CONDITIONS = DEBUG;
				SWIFT_OPTIMIZATION_LEVEL = "-Onone";
			};
			name = Debug;
		};
		D260638D29A118C500E6743B /* Release */ = {
			isa = XCBuildConfiguration;
			buildSettings = {
				ALWAYS_SEARCH_USER_PATHS = NO;
				CLANG_ANALYZER_NONNULL = YES;
				CLANG_ANALYZER_NUMBER_OBJECT_CONVERSION = YES_AGGRESSIVE;
				CLANG_CXX_LANGUAGE_STANDARD = "gnu++20";
				CLANG_ENABLE_MODULES = YES;
				CLANG_ENABLE_OBJC_ARC = YES;
				CLANG_ENABLE_OBJC_WEAK = YES;
				CLANG_WARN_BLOCK_CAPTURE_AUTORELEASING = YES;
				CLANG_WARN_BOOL_CONVERSION = YES;
				CLANG_WARN_COMMA = YES;
				CLANG_WARN_CONSTANT_CONVERSION = YES;
				CLANG_WARN_DEPRECATED_OBJC_IMPLEMENTATIONS = YES;
				CLANG_WARN_DIRECT_OBJC_ISA_USAGE = YES_ERROR;
				CLANG_WARN_DOCUMENTATION_COMMENTS = YES;
				CLANG_WARN_EMPTY_BODY = YES;
				CLANG_WARN_ENUM_CONVERSION = YES;
				CLANG_WARN_INFINITE_RECURSION = YES;
				CLANG_WARN_INT_CONVERSION = YES;
				CLANG_WARN_NON_LITERAL_NULL_CONVERSION = YES;
				CLANG_WARN_OBJC_IMPLICIT_RETAIN_SELF = YES;
				CLANG_WARN_OBJC_LITERAL_CONVERSION = YES;
				CLANG_WARN_OBJC_ROOT_CLASS = YES_ERROR;
				CLANG_WARN_QUOTED_INCLUDE_IN_FRAMEWORK_HEADER = YES;
				CLANG_WARN_RANGE_LOOP_ANALYSIS = YES;
				CLANG_WARN_STRICT_PROTOTYPES = YES;
				CLANG_WARN_SUSPICIOUS_MOVE = YES;
				CLANG_WARN_UNGUARDED_AVAILABILITY = YES_AGGRESSIVE;
				CLANG_WARN_UNREACHABLE_CODE = YES;
				CLANG_WARN__DUPLICATE_METHOD_MATCH = YES;
				COPY_PHASE_STRIP = NO;
				DEBUG_INFORMATION_FORMAT = "dwarf-with-dsym";
				ENABLE_NS_ASSERTIONS = NO;
				ENABLE_STRICT_OBJC_MSGSEND = YES;
				GCC_C_LANGUAGE_STANDARD = gnu11;
				GCC_NO_COMMON_BLOCKS = YES;
				GCC_WARN_64_TO_32_BIT_CONVERSION = YES;
				GCC_WARN_ABOUT_RETURN_TYPE = YES_ERROR;
				GCC_WARN_UNDECLARED_SELECTOR = YES;
				GCC_WARN_UNINITIALIZED_AUTOS = YES_AGGRESSIVE;
				GCC_WARN_UNUSED_FUNCTION = YES;
				GCC_WARN_UNUSED_VARIABLE = YES;
				IPHONEOS_DEPLOYMENT_TARGET = 16.2;
				MTL_ENABLE_DEBUG_INFO = NO;
				MTL_FAST_MATH = YES;
				SDKROOT = iphoneos;
				SWIFT_COMPILATION_MODE = wholemodule;
				SWIFT_OPTIMIZATION_LEVEL = "-O";
				VALIDATE_PRODUCT = YES;
			};
			name = Release;
		};
		D260638F29A118C500E6743B /* Debug */ = {
			isa = XCBuildConfiguration;
			buildSettings = {
				ASSETCATALOG_COMPILER_APPICON_NAME = AppIcon;
				ASSETCATALOG_COMPILER_GLOBAL_ACCENT_COLOR_NAME = AccentColor;
				CODE_SIGN_STYLE = Automatic;
				CURRENT_PROJECT_VERSION = 1;
				DEVELOPMENT_TEAM = BPFBUHPQ39;
				GENERATE_INFOPLIST_FILE = YES;
				INFOPLIST_FILE = NetworkAppGetPost/Info.plist;
				INFOPLIST_KEY_UIApplicationSupportsIndirectInputEvents = YES;
				INFOPLIST_KEY_UILaunchStoryboardName = LaunchScreen;
				INFOPLIST_KEY_UIMainStoryboardFile = Main;
				INFOPLIST_KEY_UISupportedInterfaceOrientations_iPad = "UIInterfaceOrientationPortrait UIInterfaceOrientationPortraitUpsideDown UIInterfaceOrientationLandscapeLeft UIInterfaceOrientationLandscapeRight";
				INFOPLIST_KEY_UISupportedInterfaceOrientations_iPhone = "UIInterfaceOrientationPortrait UIInterfaceOrientationLandscapeLeft UIInterfaceOrientationLandscapeRight";
				IPHONEOS_DEPLOYMENT_TARGET = 15.0;
				LD_RUNPATH_SEARCH_PATHS = (
					"$(inherited)",
					"@executable_path/Frameworks",
				);
				MARKETING_VERSION = 1.0;
				PRODUCT_BUNDLE_IDENTIFIER = "Yury-Lebedev.NetworkAppGetPost";
				PRODUCT_NAME = "$(TARGET_NAME)";
				SUPPORTED_PLATFORMS = "iphoneos iphonesimulator";
				SUPPORTS_MACCATALYST = NO;
				SUPPORTS_MAC_DESIGNED_FOR_IPHONE_IPAD = NO;
				SWIFT_EMIT_LOC_STRINGS = YES;
				SWIFT_VERSION = 5.0;
				TARGETED_DEVICE_FAMILY = 1;
			};
			name = Debug;
		};
		D260639029A118C500E6743B /* Release */ = {
			isa = XCBuildConfiguration;
			buildSettings = {
				ASSETCATALOG_COMPILER_APPICON_NAME = AppIcon;
				ASSETCATALOG_COMPILER_GLOBAL_ACCENT_COLOR_NAME = AccentColor;
				CODE_SIGN_STYLE = Automatic;
				CURRENT_PROJECT_VERSION = 1;
				DEVELOPMENT_TEAM = BPFBUHPQ39;
				GENERATE_INFOPLIST_FILE = YES;
				INFOPLIST_FILE = NetworkAppGetPost/Info.plist;
				INFOPLIST_KEY_UIApplicationSupportsIndirectInputEvents = YES;
				INFOPLIST_KEY_UILaunchStoryboardName = LaunchScreen;
				INFOPLIST_KEY_UIMainStoryboardFile = Main;
				INFOPLIST_KEY_UISupportedInterfaceOrientations_iPad = "UIInterfaceOrientationPortrait UIInterfaceOrientationPortraitUpsideDown UIInterfaceOrientationLandscapeLeft UIInterfaceOrientationLandscapeRight";
				INFOPLIST_KEY_UISupportedInterfaceOrientations_iPhone = "UIInterfaceOrientationPortrait UIInterfaceOrientationLandscapeLeft UIInterfaceOrientationLandscapeRight";
				IPHONEOS_DEPLOYMENT_TARGET = 15.0;
				LD_RUNPATH_SEARCH_PATHS = (
					"$(inherited)",
					"@executable_path/Frameworks",
				);
				MARKETING_VERSION = 1.0;
				PRODUCT_BUNDLE_IDENTIFIER = "Yury-Lebedev.NetworkAppGetPost";
				PRODUCT_NAME = "$(TARGET_NAME)";
				SUPPORTED_PLATFORMS = "iphoneos iphonesimulator";
				SUPPORTS_MACCATALYST = NO;
				SUPPORTS_MAC_DESIGNED_FOR_IPHONE_IPAD = NO;
				SWIFT_EMIT_LOC_STRINGS = YES;
				SWIFT_VERSION = 5.0;
				TARGETED_DEVICE_FAMILY = 1;
			};
			name = Release;
		};
/* End XCBuildConfiguration section */

/* Begin XCConfigurationList section */
		D260637529A118C400E6743B /* Build configuration list for PBXProject "NetworkAppGetPost" */ = {
			isa = XCConfigurationList;
			buildConfigurations = (
				D260638C29A118C500E6743B /* Debug */,
				D260638D29A118C500E6743B /* Release */,
			);
			defaultConfigurationIsVisible = 0;
			defaultConfigurationName = Release;
		};
		D260638E29A118C500E6743B /* Build configuration list for PBXNativeTarget "NetworkAppGetPost" */ = {
			isa = XCConfigurationList;
			buildConfigurations = (
				D260638F29A118C500E6743B /* Debug */,
				D260639029A118C500E6743B /* Release */,
			);
			defaultConfigurationIsVisible = 0;
			defaultConfigurationName = Release;
		};
/* End XCConfigurationList section */
	};
	rootObject = D260637229A118C400E6743B /* Project object */;
}
